
Microsoft Visual Studio Solution File, Format Version 12.00
# Visual Studio Version 17
VisualStudioVersion = 17.1.32210.238
MinimumVisualStudioVersion = 10.0.40219.1
Project("{FAE04EC0-301F-11D3-BF4B-00C04F79EFBC}") = "StoreProgram", "StoreProgram.csproj", "{61FAB48F-FA6D-4C74-A879-344BE3EFCACB}"
EndProject
Global
	GlobalSection(SolutionConfigurationPlatforms) = preSolution
		Debug|Any CPU = Debug|Any CPU
		Release|Any CPU = Release|Any CPU
	EndGlobalSection
	GlobalSection(ProjectConfigurationPlatforms) = postSolution
		{61FAB48F-FA6D-4C74-A879-344BE3EFCACB}.Debug|Any CPU.ActiveCfg = Debug|Any CPU
		{61FAB48F-FA6D-4C74-A879-344BE3EFCACB}.Debug|Any CPU.Build.0 = Debug|Any CPU
		{61FAB48F-FA6D-4C74-A879-344BE3EFCACB}.Release|Any CPU.ActiveCfg = Release|Any CPU
		{61FAB48F-FA6D-4C74-A879-344BE3EFCACB}.Release|Any CPU.Build.0 = Release|Any CPU
	EndGlobalSection
	GlobalSection(SolutionProperties) = preSolution
		HideSolutionNode = FALSE
	EndGlobalSection
	GlobalSection(ExtensibilityGlobals) = postSolution
		SolutionGuid = {4C562D9C-1F37-47AC-8A86-0777674867C5}
	EndGlobalSection
EndGlobal
